<?xml version="1.0" encoding="UTF-8" standalone="yes" ?>
<CodeBlocks_project_file>
	<FileVersion major="1" minor="6" />
	<Project>
		<Option title="Tp programacion 2" />
		<Option pch_mode="2" />
		<Option compiler="gcc" />
		<Build>
			<Target title="Debug">
				<Option output="bin/Debug/Tp programacion 2" prefix_auto="1" extension_auto="1" />
				<Option object_output="obj/Debug/" />
				<Option type="1" />
				<Option compiler="gcc" />
				<Compiler>
					<Add option="-g" />
					<Add directory="../TP Programación 2" />
					<Add directory="../TP" />
				</Compiler>
			</Target>
			<Target title="Release">
				<Option output="bin/Release/Tp programacion 2" prefix_auto="1" extension_auto="1" />
				<Option object_output="obj/Release/" />
				<Option type="1" />
				<Option compiler="gcc" />
				<Compiler>
					<Add option="-O2" />
					<Add directory="../TP Programación 2" />
					<Add directory="../TP" />
				</Compiler>
				<Linker>
					<Add option="-s" />
				</Linker>
			</Target>
		</Build>
		<Compiler>
			<Add option="-Wall" />
			<Add option="-fexceptions" />
		</Compiler>
		<Unit filename="APP.cpp" />
		<Unit filename="APP.h">
			<Option target="&lt;{~None~}&gt;" />
		</Unit>
		<Unit filename="Archivos.h" />
		<Unit filename="CC.cpp" />
		<Unit filename="CC.h" />
		<Unit filename="Comensales.cpp" />
		<Unit filename="Comensales.h" />
		<Unit filename="Comprobante.cpp" />
		<Unit filename="Comprobante.h" />
		<Unit filename="Establecimientos.cpp" />
		<Unit filename="Establecimientos.h" />
		<Unit filename="Facturas.cpp" />
		<Unit filename="Facturas.h" />
		<Unit filename="Fecha.cpp" />
		<Unit filename="Fecha.h" />
		<Unit filename="Manager.h" />
		<Unit filename="MenuPadreABML.cpp" />
		<Unit filename="MenuPadreABML.h">
			<Option target="&lt;{~None~}&gt;" />
		</Unit>
		<Unit filename="MenuSistema.cpp" />
		<Unit filename="MenuSistema.h">
			<Option target="&lt;{~None~}&gt;" />
		</Unit>
		<Unit filename="Menucomensal.cpp" />
		<Unit filename="Menucomensal.h">
			<Option target="&lt;{~None~}&gt;" />
		</Unit>
		<Unit filename="Menues.cpp" />
		<Unit filename="Menues.h" />
		<Unit filename="TipoAlmuerzo.cpp" />
		<Unit filename="TipoAlmuerzo.h" />
		<Unit filename="main.cpp" />
		<Unit filename="tabulate.hpp" />
		<Extensions />
	</Project>
</CodeBlocks_project_file>
